
Microsoft Visual Studio Solution File, Format Version 12.00
# Visual Studio Version 17
VisualStudioVersion = 17.5.33627.172
MinimumVisualStudioVersion = 10.0.40219.1
Project("{FAE04EC0-301F-11D3-BF4B-00C04F79EFBC}") = "HelloWorld", "HelloWorld.csproj", "{72E77D49-7F81-4902-B25A-2291E4049F63}"
EndProject
Global
	GlobalSection(SolutionConfigurationPlatforms) = preSolution
		Debug|Any CPU = Debug|Any CPU
		Release|Any CPU = Release|Any CPU
	EndGlobalSection
	GlobalSection(ProjectConfigurationPlatforms) = postSolution
		{72E77D49-7F81-4902-B25A-2291E4049F63}.Debug|Any CPU.ActiveCfg = Debug|Any CPU
		{72E77D49-7F81-4902-B25A-2291E4049F63}.Debug|Any CPU.Build.0 = Debug|Any CPU
		{72E77D49-7F81-4902-B25A-2291E4049F63}.Release|Any CPU.ActiveCfg = Release|Any CPU
		{72E77D49-7F81-4902-B25A-2291E4049F63}.Release|Any CPU.Build.0 = Release|Any CPU
	EndGlobalSection
	GlobalSection(SolutionProperties) = preSolution
		HideSolutionNode = FALSE
	EndGlobalSection
	GlobalSection(ExtensibilityGlobals) = postSolution
		SolutionGuid = {5663536B-1031-49A9-B19B-9987C8EC278A}
	EndGlobalSection
EndGlobal
