
Microsoft Visual Studio Solution File, Format Version 12.00
# Visual Studio Version 17
VisualStudioVersion = 17.5.33627.172
MinimumVisualStudioVersion = 10.0.40219.1
Project("{FAE04EC0-301F-11D3-BF4B-00C04F79EFBC}") = "TestProject1", "TestProject1.csproj", "{030368C3-C6C3-45DF-BB30-19EBBB5F3767}"
EndProject
Global
	GlobalSection(SolutionConfigurationPlatforms) = preSolution
		Debug|Any CPU = Debug|Any CPU
		Release|Any CPU = Release|Any CPU
	EndGlobalSection
	GlobalSection(ProjectConfigurationPlatforms) = postSolution
		{030368C3-C6C3-45DF-BB30-19EBBB5F3767}.Debug|Any CPU.ActiveCfg = Debug|Any CPU
		{030368C3-C6C3-45DF-BB30-19EBBB5F3767}.Debug|Any CPU.Build.0 = Debug|Any CPU
		{030368C3-C6C3-45DF-BB30-19EBBB5F3767}.Release|Any CPU.ActiveCfg = Release|Any CPU
		{030368C3-C6C3-45DF-BB30-19EBBB5F3767}.Release|Any CPU.Build.0 = Release|Any CPU
	EndGlobalSection
	GlobalSection(SolutionProperties) = preSolution
		HideSolutionNode = FALSE
	EndGlobalSection
	GlobalSection(ExtensibilityGlobals) = postSolution
		SolutionGuid = {AFFB66F9-F768-4454-A2CB-32BEA0F120BF}
	EndGlobalSection
EndGlobal
