
Microsoft Visual Studio Solution File, Format Version 12.00
# Visual Studio Version 17
VisualStudioVersion = 17.8.34330.188
MinimumVisualStudioVersion = 10.0.40219.1
Project("{FAE04EC0-301F-11D3-BF4B-00C04F79EFBC}") = "ClassLibrary1demo", "ClassLibrary1demo.csproj", "{05399904-9FD7-4C3C-9F47-7A66BAEF83B8}"
EndProject
Global
	GlobalSection(SolutionConfigurationPlatforms) = preSolution
		Debug|Any CPU = Debug|Any CPU
		Release|Any CPU = Release|Any CPU
	EndGlobalSection
	GlobalSection(ProjectConfigurationPlatforms) = postSolution
		{05399904-9FD7-4C3C-9F47-7A66BAEF83B8}.Debug|Any CPU.ActiveCfg = Debug|Any CPU
		{05399904-9FD7-4C3C-9F47-7A66BAEF83B8}.Debug|Any CPU.Build.0 = Debug|Any CPU
		{05399904-9FD7-4C3C-9F47-7A66BAEF83B8}.Release|Any CPU.ActiveCfg = Release|Any CPU
		{05399904-9FD7-4C3C-9F47-7A66BAEF83B8}.Release|Any CPU.Build.0 = Release|Any CPU
	EndGlobalSection
	GlobalSection(SolutionProperties) = preSolution
		HideSolutionNode = FALSE
	EndGlobalSection
	GlobalSection(ExtensibilityGlobals) = postSolution
		SolutionGuid = {617C6C9C-9201-4BDB-BC55-4433853C9708}
	EndGlobalSection
EndGlobal
