
Microsoft Visual Studio Solution File, Format Version 12.00
# Visual Studio Version 17
VisualStudioVersion = 17.5.33424.131
MinimumVisualStudioVersion = 10.0.40219.1
Project("{FAE04EC0-301F-11D3-BF4B-00C04F79EFBC}") = "WebApplication1", "WebApplication1\WebApplication1.csproj", "{870BDAD7-E466-402D-933F-3BB1F8C2F7E7}"
EndProject
Project("{FAE04EC0-301F-11D3-BF4B-00C04F79EFBC}") = "TestProject1", "TestProject1\TestProject1.csproj", "{8704567D-ACB1-43F9-AB27-00ED8C7DAD53}"
EndProject
Global
	GlobalSection(SolutionConfigurationPlatforms) = preSolution
		Debug|Any CPU = Debug|Any CPU
		Release|Any CPU = Release|Any CPU
	EndGlobalSection
	GlobalSection(ProjectConfigurationPlatforms) = postSolution
		{870BDAD7-E466-402D-933F-3BB1F8C2F7E7}.Debug|Any CPU.ActiveCfg = Debug|Any CPU
		{870BDAD7-E466-402D-933F-3BB1F8C2F7E7}.Debug|Any CPU.Build.0 = Debug|Any CPU
		{870BDAD7-E466-402D-933F-3BB1F8C2F7E7}.Release|Any CPU.ActiveCfg = Release|Any CPU
		{870BDAD7-E466-402D-933F-3BB1F8C2F7E7}.Release|Any CPU.Build.0 = Release|Any CPU
		{8704567D-ACB1-43F9-AB27-00ED8C7DAD53}.Debug|Any CPU.ActiveCfg = Debug|Any CPU
		{8704567D-ACB1-43F9-AB27-00ED8C7DAD53}.Debug|Any CPU.Build.0 = Debug|Any CPU
		{8704567D-ACB1-43F9-AB27-00ED8C7DAD53}.Release|Any CPU.ActiveCfg = Release|Any CPU
		{8704567D-ACB1-43F9-AB27-00ED8C7DAD53}.Release|Any CPU.Build.0 = Release|Any CPU
	EndGlobalSection
	GlobalSection(SolutionProperties) = preSolution
		HideSolutionNode = FALSE
	EndGlobalSection
	GlobalSection(ExtensibilityGlobals) = postSolution
		SolutionGuid = {4E2192C5-40F3-4524-A51D-83EC3E911D8B}
	EndGlobalSection
EndGlobal
